
Microsoft Visual Studio Solution File, Format Version 12.00
# Visual Studio Version 17
VisualStudioVersion = 17.4.33213.308
MinimumVisualStudioVersion = 10.0.40219.1
Project("{FAE04EC0-301F-11D3-BF4B-00C04F79EFBC}") = "ConvertAPPWPF", "ConvertAPPWPF\ConvertAPPWPF.csproj", "{0A4D002A-9FE8-4346-9DF0-9DAC60DA906C}"
EndProject
Project("{2150E333-8FDC-42A3-9474-1A3956D46DE8}") = "Image", "Image", "{F700D787-696E-438F-A6FE-49C0008219D0}"
EndProject
Global
	GlobalSection(SolutionConfigurationPlatforms) = preSolution
		Debug|Any CPU = Debug|Any CPU
		Release|Any CPU = Release|Any CPU
	EndGlobalSection
	GlobalSection(ProjectConfigurationPlatforms) = postSolution
		{0A4D002A-9FE8-4346-9DF0-9DAC60DA906C}.Debug|Any CPU.ActiveCfg = Debug|Any CPU
		{0A4D002A-9FE8-4346-9DF0-9DAC60DA906C}.Debug|Any CPU.Build.0 = Debug|Any CPU
		{0A4D002A-9FE8-4346-9DF0-9DAC60DA906C}.Release|Any CPU.ActiveCfg = Release|Any CPU
		{0A4D002A-9FE8-4346-9DF0-9DAC60DA906C}.Release|Any CPU.Build.0 = Release|Any CPU
	EndGlobalSection
	GlobalSection(SolutionProperties) = preSolution
		HideSolutionNode = FALSE
	EndGlobalSection
	GlobalSection(ExtensibilityGlobals) = postSolution
		SolutionGuid = {FE00B458-478D-43EC-8091-8E60F5E1047C}
	EndGlobalSection
EndGlobal
